
Microsoft Visual Studio Solution File, Format Version 12.00
# Visual Studio Version 17
VisualStudioVersion = 17.9.34607.119
MinimumVisualStudioVersion = 10.0.40219.1
Project("{FAE04EC0-301F-11D3-BF4B-00C04F79EFBC}") = "fileSystem", "fileSystem\fileSystem.csproj", "{FC68098D-04B3-44FF-94B1-1A7BFF39B63D}"
EndProject
Global
	GlobalSection(SolutionConfigurationPlatforms) = preSolution
		Debug|Any CPU = Debug|Any CPU
		Release|Any CPU = Release|Any CPU
	EndGlobalSection
	GlobalSection(ProjectConfigurationPlatforms) = postSolution
		{FC68098D-04B3-44FF-94B1-1A7BFF39B63D}.Debug|Any CPU.ActiveCfg = Debug|Any CPU
		{FC68098D-04B3-44FF-94B1-1A7BFF39B63D}.Debug|Any CPU.Build.0 = Debug|Any CPU
		{FC68098D-04B3-44FF-94B1-1A7BFF39B63D}.Release|Any CPU.ActiveCfg = Release|Any CPU
		{FC68098D-04B3-44FF-94B1-1A7BFF39B63D}.Release|Any CPU.Build.0 = Release|Any CPU
	EndGlobalSection
	GlobalSection(SolutionProperties) = preSolution
		HideSolutionNode = FALSE
	EndGlobalSection
	GlobalSection(ExtensibilityGlobals) = postSolution
		SolutionGuid = {B63BBC45-81EB-4BC9-AC3D-F3C38CEF384F}
	EndGlobalSection
EndGlobal
