
Microsoft Visual Studio Solution File, Format Version 12.00
# Visual Studio Version 17
VisualStudioVersion = 17.9.34607.119
MinimumVisualStudioVersion = 10.0.40219.1
Project("{FAE04EC0-301F-11D3-BF4B-00C04F79EFBC}") = "Singleton_prac", "Singleton_prac.csproj", "{676B99F7-8452-4351-86C8-D4B72C54F2A4}"
EndProject
Global
	GlobalSection(SolutionConfigurationPlatforms) = preSolution
		Debug|Any CPU = Debug|Any CPU
		Release|Any CPU = Release|Any CPU
	EndGlobalSection
	GlobalSection(ProjectConfigurationPlatforms) = postSolution
		{676B99F7-8452-4351-86C8-D4B72C54F2A4}.Debug|Any CPU.ActiveCfg = Debug|Any CPU
		{676B99F7-8452-4351-86C8-D4B72C54F2A4}.Debug|Any CPU.Build.0 = Debug|Any CPU
		{676B99F7-8452-4351-86C8-D4B72C54F2A4}.Release|Any CPU.ActiveCfg = Release|Any CPU
		{676B99F7-8452-4351-86C8-D4B72C54F2A4}.Release|Any CPU.Build.0 = Release|Any CPU
	EndGlobalSection
	GlobalSection(SolutionProperties) = preSolution
		HideSolutionNode = FALSE
	EndGlobalSection
	GlobalSection(ExtensibilityGlobals) = postSolution
		SolutionGuid = {F6E7DAEC-C604-4060-BBC1-BA64A8E0E86A}
	EndGlobalSection
EndGlobal
