
Microsoft Visual Studio Solution File, Format Version 12.00
# Visual Studio Version 17
VisualStudioVersion = 17.5.002.0
MinimumVisualStudioVersion = 10.0.40219.1
Project("{9A19103F-16F7-4668-BE54-9A1E7A4F7556}") = "HelloWorld", "HelloWorld.csproj", "{1DAB7519-21F7-4090-9F6C-2E89256DC68E}"
EndProject
Global
	GlobalSection(SolutionConfigurationPlatforms) = preSolution
		Debug|Any CPU = Debug|Any CPU
		Release|Any CPU = Release|Any CPU
	EndGlobalSection
	GlobalSection(ProjectConfigurationPlatforms) = postSolution
		{1DAB7519-21F7-4090-9F6C-2E89256DC68E}.Debug|Any CPU.ActiveCfg = Debug|Any CPU
		{1DAB7519-21F7-4090-9F6C-2E89256DC68E}.Debug|Any CPU.Build.0 = Debug|Any CPU
		{1DAB7519-21F7-4090-9F6C-2E89256DC68E}.Release|Any CPU.ActiveCfg = Release|Any CPU
		{1DAB7519-21F7-4090-9F6C-2E89256DC68E}.Release|Any CPU.Build.0 = Release|Any CPU
	EndGlobalSection
	GlobalSection(SolutionProperties) = preSolution
		HideSolutionNode = FALSE
	EndGlobalSection
	GlobalSection(ExtensibilityGlobals) = postSolution
		SolutionGuid = {223FE7A1-BD1B-487E-B867-AE042FE9F2C7}
	EndGlobalSection
EndGlobal
