
Microsoft Visual Studio Solution File, Format Version 12.00
# Visual Studio Version 17
VisualStudioVersion = 17.9.34607.119
MinimumVisualStudioVersion = 10.0.40219.1
Project("{FAE04EC0-301F-11D3-BF4B-00C04F79EFBC}") = "EF_Migrations", "EF_Migrations.csproj", "{351E4B0F-4F92-4E9F-9F39-B003062AEDC3}"
EndProject
Global
	GlobalSection(SolutionConfigurationPlatforms) = preSolution
		Debug|Any CPU = Debug|Any CPU
		Release|Any CPU = Release|Any CPU
	EndGlobalSection
	GlobalSection(ProjectConfigurationPlatforms) = postSolution
		{351E4B0F-4F92-4E9F-9F39-B003062AEDC3}.Debug|Any CPU.ActiveCfg = Debug|Any CPU
		{351E4B0F-4F92-4E9F-9F39-B003062AEDC3}.Debug|Any CPU.Build.0 = Debug|Any CPU
		{351E4B0F-4F92-4E9F-9F39-B003062AEDC3}.Release|Any CPU.ActiveCfg = Release|Any CPU
		{351E4B0F-4F92-4E9F-9F39-B003062AEDC3}.Release|Any CPU.Build.0 = Release|Any CPU
	EndGlobalSection
	GlobalSection(SolutionProperties) = preSolution
		HideSolutionNode = FALSE
	EndGlobalSection
	GlobalSection(ExtensibilityGlobals) = postSolution
		SolutionGuid = {3C6357A6-CE29-4ED9-8B17-C54C5C451A15}
	EndGlobalSection
EndGlobal
