
Microsoft Visual Studio Solution File, Format Version 12.00
# Visual Studio Version 17
VisualStudioVersion = 17.5.002.0
MinimumVisualStudioVersion = 10.0.40219.1
Project("{9A19103F-16F7-4668-BE54-9A1E7A4F7556}") = "IEnumerable_class", "IEnumerable_class.csproj", "{CD70400B-AA94-4031-8307-F4AD408DD18E}"
EndProject
Global
	GlobalSection(SolutionConfigurationPlatforms) = preSolution
		Debug|Any CPU = Debug|Any CPU
		Release|Any CPU = Release|Any CPU
	EndGlobalSection
	GlobalSection(ProjectConfigurationPlatforms) = postSolution
		{CD70400B-AA94-4031-8307-F4AD408DD18E}.Debug|Any CPU.ActiveCfg = Debug|Any CPU
		{CD70400B-AA94-4031-8307-F4AD408DD18E}.Debug|Any CPU.Build.0 = Debug|Any CPU
		{CD70400B-AA94-4031-8307-F4AD408DD18E}.Release|Any CPU.ActiveCfg = Release|Any CPU
		{CD70400B-AA94-4031-8307-F4AD408DD18E}.Release|Any CPU.Build.0 = Release|Any CPU
	EndGlobalSection
	GlobalSection(SolutionProperties) = preSolution
		HideSolutionNode = FALSE
	EndGlobalSection
	GlobalSection(ExtensibilityGlobals) = postSolution
		SolutionGuid = {95C7091D-717B-40AB-9345-2F89F1FFD967}
	EndGlobalSection
EndGlobal
