
Microsoft Visual Studio Solution File, Format Version 12.00
# Visual Studio Version 17
VisualStudioVersion = 17.8.34525.116
MinimumVisualStudioVersion = 10.0.40219.1
Project("{FAE04EC0-301F-11D3-BF4B-00C04F79EFBC}") = "EFcore_test", "EFcore_test.csproj", "{5ECCD6C0-9961-41A4-8405-9110C2DA2A44}"
EndProject
Global
	GlobalSection(SolutionConfigurationPlatforms) = preSolution
		Debug|Any CPU = Debug|Any CPU
		Release|Any CPU = Release|Any CPU
	EndGlobalSection
	GlobalSection(ProjectConfigurationPlatforms) = postSolution
		{5ECCD6C0-9961-41A4-8405-9110C2DA2A44}.Debug|Any CPU.ActiveCfg = Debug|Any CPU
		{5ECCD6C0-9961-41A4-8405-9110C2DA2A44}.Debug|Any CPU.Build.0 = Debug|Any CPU
		{5ECCD6C0-9961-41A4-8405-9110C2DA2A44}.Release|Any CPU.ActiveCfg = Release|Any CPU
		{5ECCD6C0-9961-41A4-8405-9110C2DA2A44}.Release|Any CPU.Build.0 = Release|Any CPU
	EndGlobalSection
	GlobalSection(SolutionProperties) = preSolution
		HideSolutionNode = FALSE
	EndGlobalSection
	GlobalSection(ExtensibilityGlobals) = postSolution
		SolutionGuid = {F1764813-3D3D-4A22-A84F-BE0CF642C086}
	EndGlobalSection
EndGlobal
