
Microsoft Visual Studio Solution File, Format Version 12.00
# Visual Studio Version 17
VisualStudioVersion = 17.9.34607.119
MinimumVisualStudioVersion = 10.0.40219.1
Project("{FAE04EC0-301F-11D3-BF4B-00C04F79EFBC}") = "Queue_prac", "Queue_prac.csproj", "{EC7E43A2-0885-4F03-8147-4F28921A3AA5}"
EndProject
Global
	GlobalSection(SolutionConfigurationPlatforms) = preSolution
		Debug|Any CPU = Debug|Any CPU
		Release|Any CPU = Release|Any CPU
	EndGlobalSection
	GlobalSection(ProjectConfigurationPlatforms) = postSolution
		{EC7E43A2-0885-4F03-8147-4F28921A3AA5}.Debug|Any CPU.ActiveCfg = Debug|Any CPU
		{EC7E43A2-0885-4F03-8147-4F28921A3AA5}.Debug|Any CPU.Build.0 = Debug|Any CPU
		{EC7E43A2-0885-4F03-8147-4F28921A3AA5}.Release|Any CPU.ActiveCfg = Release|Any CPU
		{EC7E43A2-0885-4F03-8147-4F28921A3AA5}.Release|Any CPU.Build.0 = Release|Any CPU
	EndGlobalSection
	GlobalSection(SolutionProperties) = preSolution
		HideSolutionNode = FALSE
	EndGlobalSection
	GlobalSection(ExtensibilityGlobals) = postSolution
		SolutionGuid = {144239C3-A0A3-4910-B131-F57AA04AE854}
	EndGlobalSection
EndGlobal
